{
  "name": "kariminf.github.io",
  "version": "1.0.0",
  "lockfileVersion": 1,
  "requires": true,
  "dependencies": {
    "cv.json": {
      "version": "2.0.0",
      "resolved": "https://registry.npmjs.org/cv.json/-/cv.json-2.0.0.tgz",
      "integrity": "sha512-y0+n0EsqihwRC3HipwjXTSsE4c5Gy1aDBtn1oPeMBDM8b6lkNt8FdXGhPhORP0z8d5dhHxJU1Ze6LU6ynz4eew==",
      "requires": {
        "ncp": "^2.0.0"
      }
    },
    "ncp": {
      "version": "2.0.0",
      "resolved": "https://registry.npmjs.org/ncp/-/ncp-2.0.0.tgz",
      "integrity": "sha1-GVoh1sRuNh0vsSgbo4uR6d9727M="
    }
  }
}
