{
  "name": "kariminf.github.io",
  "version": "1.0.0",
  "lockfileVersion": 1,
  "requires": true,
  "dependencies": {
    "json_vcard": {
      "version": "1.2.3",
      "resolved": "https://registry.npmjs.org/json_vcard/-/json_vcard-1.2.3.tgz",
      "integrity": "sha1-lhM0gALEzzutMGhXw/+ROA7FNP4=",
      "requires": {
        "ncp": "2.0.0"
      }
    },
    "ncp": {
      "version": "2.0.0",
      "resolved": "https://registry.npmjs.org/ncp/-/ncp-2.0.0.tgz",
      "integrity": "sha1-GVoh1sRuNh0vsSgbo4uR6d9727M="
    }
  }
}
